PODS:
  - Flutter (1.0.0)
  - Socket.IO-Client-Swift (13.3.0):
    - Starscream (~> 3.0.2)
  - socket_flutter_plugin (0.0.1):
    - Flutter
    - Socket.IO-Client-Swift
  - Starscream (3.0.5)

DEPENDENCIES:
  - Flutter (from `.symlinks/flutter/ios`)
  - Socket.IO-Client-Swift (~> 13.3.0)
  - socket_flutter_plugin (from `.symlinks/plugins/socket_flutter_plugin/ios`)

SPEC REPOS:
  https://github.com/cocoapods/specs.git:
    - Socket.IO-Client-Swift
    - Starscream

EXTERNAL SOURCES:
  Flutter:
    :path: ".symlinks/flutter/ios"
  socket_flutter_plugin:
    :path: ".symlinks/plugins/socket_flutter_plugin/ios"

SPEC CHECKSUMS:
  Flutter: 9d0fac939486c9aba2809b7982dfdbb47a7b0296
  Socket.IO-Client-Swift: 0afb192a562db90d50e3f7f7421c06925a3f0179
  socket_flutter_plugin: 597d832773c08b07edd155726b302eed684c3384
  Starscream: faf918b2f2eff7d5dd21180646bf015a669673bd

PODFILE CHECKSUM: 873752b5816bbd551811937dec5b787ce3db3faa

COCOAPODS: 1.5.3
